{
    "_meta": {
        "hash": {
            "sha256": "369abb0a169629b762ef0fab2976bcbdaf5cc6dd2551ecc1a658bc154f02a9ab"
        },
        "pipfile-spec": 6,
        "requires": {
            "python_version": "3.7"
        },
        "sources": [
            {
                "name": "pypi",
                "url": "https://pypi.python.org/simple",
                "verify_ssl": true
            }
        ]
    },
    "default": {
        "aiofiles": {
            "hashes": [
                "sha256:021ea0ba314a86027c166ecc4b4c07f2d40fc0f4b3a950d1868a0f2571c2bbee",
                "sha256:1e644c2573f953664368de28d2aa4c89dfd64550429d0c27c4680ccd3aa4985d"
            ],
            "version": "==0.4.0"
        },
        "blinker": {
            "hashes": [
                "sha256:471aee25f3992bd325afa3772f1063dbdbbca947a041b8b89466dc00d606f8b6"
            ],
            "version": "==1.4"
        },
        "click": {
            "hashes": [
                "sha256:2335065e6395b9e67ca716de5f7526736bfa6ceead690adf616d925bdc622b13",
                "sha256:5b94b49521f6456670fdb30cd82a4eca9412788a93fa6dd6df72c94d5a8ff2d7"
            ],
            "version": "==7.0"
        },
        "docopt": {
            "hashes": [
                "sha256:49b3a825280bd66b3aa83585ef59c4a8c82f2c8a522dbe754a8bc8d08c85c491"
            ],
            "index": "pypi",
            "version": "==0.6.2"
        },
        "h11": {
            "hashes": [
                "sha256:acca6a44cb52a32ab442b1779adf0875c443c689e9e028f8d831a3769f9c5208",
                "sha256:f2b1ca39bfed357d1f19ac732913d5f9faa54a5062eca7d2ec3a916cfb7ae4c7"
            ],
            "version": "==0.8.1"
        },
        "h2": {
            "hashes": [
                "sha256:4be613e35caad5680dc48f98f3bf4e7338c7c429e6375a5137be7fbe45219981",
                "sha256:b2962f883fa392a23cbfcc4ad03c335bcc661be0cf9627657b589f0df2206e64"
            ],
            "version": "==3.0.1"
        },
        "hpack": {
            "hashes": [
                "sha256:0edd79eda27a53ba5be2dfabf3b15780928a0dff6eb0c60a3d6767720e970c89",
                "sha256:8eec9c1f4bfae3408a3f30500261f7e6a65912dc138526ea054f9ad98892e9d2"
            ],
            "version": "==3.0.0"
        },
        "hypercorn": {
            "hashes": [
                "sha256:609a1f95f7db3fe730bbf87a04bc3c750aa21a4c9c3d445d874693c44dd56019",
                "sha256:c844f36c18636496388522b774eac946fe0dc2afab87cfce32163b9c277d9160"
            ],
            "version": "==0.3.1"
        },
        "hyperframe": {
            "hashes": [
                "sha256:87567c9eb1540de1e7f48805adf00e87856409342fdebd0cd20cf5d381c38b69",
                "sha256:a25944539db36d6a2e47689e7915dcee562b3f8d10c6cdfa0d53c91ed692fb04"
            ],
            "version": "==5.1.0"
        },
        "itsdangerous": {
            "hashes": [
                "sha256:cbb3fcf8d3e33df861709ecaf89d9e6629cff0a217bc2848f1b41cd30d360519"
            ],
            "version": "==0.24"
        },
        "jinja2": {
            "hashes": [
                "sha256:74c935a1b8bb9a3947c50a54766a969d4846290e1e788ea44c1392163723c3bd",
                "sha256:f84be1bb0040caca4cea721fcbbbbd61f9be9464ca236387158b0feea01914a4"
            ],
            "version": "==2.10"
        },
        "markupsafe": {
            "hashes": [
                "sha256:a6be69091dac236ea9c6bc7d012beab42010fa914c459791d627dad4910eb665"
            ],
            "version": "==1.0"
        },
        "multidict": {
            "hashes": [
                "sha256:05eeab69bf2b0664644c62bd92fabb045163e5b8d4376a31dfb52ce0210ced7b",
                "sha256:0c85880efa7cadb18e3b5eef0aa075dc9c0a3064cbbaef2e20be264b9cf47a64",
                "sha256:136f5a4a6a4adeacc4dc820b8b22f0a378fb74f326e259c54d1817639d1d40a0",
                "sha256:14906ad3347c7d03e9101749b16611cf2028547716d0840838d3c5e2b3b0f2d3",
                "sha256:1ade4a3b71b1bf9e90c5f3d034a87fe4949c087ef1f6cd727fdd766fe8bbd121",
                "sha256:22939a00a511a59f9ecc0158b8db728afef57975ce3782b3a265a319d05b9b12",
                "sha256:2b86b02d872bc5ba5b3a4530f6a7ba0b541458ab4f7c1429a12ac326231203f7",
                "sha256:3c11e92c3dfc321014e22fb442bc9eb70e01af30d6ce442026b0c35723448c66",
                "sha256:4ba3bd26f282b201fdbce351f1c5d17ceb224cbedb73d6e96e6ce391b354aacc",
                "sha256:4c6e78d042e93751f60672989efbd6a6bc54213ed7ff695fff82784bbb9ea035",
                "sha256:4d80d1901b89cc935a6cf5b9fd89df66565272722fe2e5473168927a9937e0ca",
                "sha256:4fcf71d33178a00cc34a57b29f5dab1734b9ce0f1c97fb34666deefac6f92037",
                "sha256:52f7670b41d4b4d97866ebc38121de8bcb9813128b7c4942b07794d08193c0ab",
                "sha256:5368e2b7649a26b7253c6c9e53241248aab9da49099442f5be238fde436f18c9",
                "sha256:5bb65fbb48999044938f0c0508e929b14a9b8bf4939d8263e9ea6691f7b54663",
                "sha256:60672bb5577472800fcca1ac9dae232d1461db9f20f055184be8ce54b0052572",
                "sha256:669e9be6d148fc0283f53e17dd140cde4dc7c87edac8319147edd5aa2a830771",
                "sha256:6a0b7a804e8d1716aa2c72e73210b48be83d25ba9ec5cf52cf91122285707bb1",
                "sha256:79034ea3da3cf2a815e3e52afdc1f6c1894468c98bdce5d2546fa2342585497f",
                "sha256:79247feeef6abcc11137ad17922e865052f23447152059402fc320f99ff544bb",
                "sha256:81671c2049e6bf42c7fd11a060f8bc58f58b7b3d6f3f951fc0b15e376a6a5a98",
                "sha256:82ac4a5cb56cc9280d4ae52c2d2ebcd6e0668dd0f9ef17f0a9d7c82bd61e24fa",
                "sha256:9436267dbbaa49dad18fbbb54f85386b0f5818d055e7b8e01d219661b6745279",
                "sha256:94e4140bb1343115a1afd6d84ebf8fca5fb7bfb50e1c2cbd6f2fb5d3117ef102",
                "sha256:a2cab366eae8a0ffe0813fd8e335cf0d6b9bb6c5227315f53bb457519b811537",
                "sha256:a596019c3eafb1b0ae07db9f55a08578b43c79adb1fe1ab1fd818430ae59ee6f",
                "sha256:e8848ae3cd6a784c29fae5055028bee9bffcc704d8bcad09bd46b42b44a833e2",
                "sha256:e8a048bfd7d5a280f27527d11449a509ddedf08b58a09a24314828631c099306",
                "sha256:f6dd28a0ac60e2426a6918f36f1b4e2620fc785a0de7654cd206ba842eee57fd"
            ],
            "version": "==4.4.2"
        },
        "netifaces": {
            "hashes": [
                "sha256:0083ff8d89c559d0da0811c4930cf36e4945da0f03749e0f108678098d7d1607",
                "sha256:179f2463469fe69c829c96c7b332c7fd3f01652311e36ae11e409e5b34eb9dad",
                "sha256:19df6feff2af7a9179e42afdd01d79616d85b7ff4401b55ffce2df29d512a017",
                "sha256:1a4082a52f521ceeaf3d0ff25c61a06d46444f3578f487935652ecc93becf538",
                "sha256:1edeea7d739b1d716d15214039386e999f2e374aaeac0703092132b4e55ba461",
                "sha256:2acb23ca092cc53b2b1f374132bbef5dd843767f6b10d31024f958474a1dfe96",
                "sha256:38969c101f1e61c2a53af6a7b635f63e81085ae87413f1f5551a4d7057f5f773",
                "sha256:4817871b226082600b64578549b9932bb07c1a42e9311ddd7c9dad08ff1fb22f",
                "sha256:4bb6b02b7c485a595a9d75346df3a77fcaa12d2352437c49c2d73ed968572d72",
                "sha256:674498dad41dacd86ec82e9e1793f9d8716755085c3776f051a266b1634a0b60",
                "sha256:7ea8eb1e824f74c161396f0d6d76fa3943462ee9a4629c387c10399d2aee058c",
                "sha256:8a69dc2743dcbb9b87fa3453820852f0feabc17b03d3841619e8e63f5d3902d5",
                "sha256:9cf8cb2de7524c34808e6111dfb9f89e3b7c568e6953b3e02b8397447a6d8303",
                "sha256:a77263e046636a761a2c3eeb0a56b5f8fa64f865efec91a9be008a46412b4ddd",
                "sha256:aea569ce1a5a75b010758097199f84d9a3a109a696473c635bcf82f8a43cc551",
                "sha256:bd590fcb75421537d4149825e1e63cca225fd47dad861710c46bd1cb329d8cbd",
                "sha256:e1037cfad0e99a23fb4829f40302f3696395358950ba9f0315363a0e1eb04af6",
                "sha256:e6d52aee254f9cf6192b54c156c67d54dcf451bec6781580844af892e4bf36bb",
                "sha256:e76d38d9cff51ecf9fd5b8d0adf63f7b8875e1ac8548ccb52264939e308b771e"
            ],
            "index": "pypi",
            "version": "==0.10.7"
        },
        "prompt-toolkit": {
            "hashes": [
                "sha256:5eff0c9fd652384ecfe730bbcdf3658868725c6928fbf608d9338834d7a974b6",
                "sha256:81da9ecf6ca6806a549697529af8ec3ac5b739c13ac14607218e650db1b53131",
                "sha256:c67c1c264d8a0d9e1070e9272bacee00f76c81daab7bc4bf09ff991bd1e224a7"
            ],
            "index": "pypi",
            "version": "==2.0.5"
        },
        "pytoml": {
            "hashes": [
                "sha256:42f76a696182570e93581e763da033c1de484973bad82458387b6dee6c184cbc"
            ],
            "version": "==0.1.19"
        },
        "quart": {
            "hashes": [
                "sha256:8450ab5fdc61f4e49b2d99240af164c8bd36e85ceac2e655ed1c70a7fdaca038",
                "sha256:b5317dc860f02687c95ae444291080f98407935bea4fff78d8ce183596483fd5"
            ],
            "index": "pypi",
            "version": "==0.6.7"
        },
        "six": {
            "hashes": [
                "sha256:70e8a77beed4562e7f14fe23a786b54f6296e34344c23bc42f07b15018ff98e9",
                "sha256:832dc0e10feb1aa2c68dcc57dbb658f1c7e65b9b61af69048abc87a2db00a0eb"
            ],
            "version": "==1.11.0"
        },
        "sortedcontainers": {
            "hashes": [
                "sha256:220bb2e3e1886297fd7cdd6d164cb5cf237be1cfae1a3a3e526d149c52816682",
                "sha256:b74f2756fb5e23512572cc76f0fe0832fd86310f77dfee54335a35fb33f6b950"
            ],
            "version": "==2.0.5"
        },
        "termcolor": {
            "hashes": [
                "sha256:1d6d69ce66211143803fbc56652b41d73b4a400a2891d7bf7a1cdf4c02de613b"
            ],
            "index": "pypi",
            "version": "==1.1.0"
        },
        "terminaltables": {
            "hashes": [
                "sha256:f3eb0eb92e3833972ac36796293ca0906e998dc3be91fbe1f8615b331b853b81"
            ],
            "index": "pypi",
            "version": "==3.1.0"
        },
        "typing-extensions": {
            "hashes": [
                "sha256:1c0a8e3b4ce55207a03dd0dcb98bc47a704c71f14fe4311ec860cc8af8f4bd27",
                "sha256:8b0962ecb92847974514b1724c8ae2b6dd1ffe86bcdfac429517f5e583ada658",
                "sha256:be7b05ddab71727fabf1f071365043cf034e4cdac9cade1f1d61a6cc526aaafe"
            ],
            "version": "==3.6.5"
        },
        "wcwidth": {
            "hashes": [
                "sha256:3df37372226d6e63e1b1e1eda15c594bca98a22d33a23832a90998faa96bc65e",
                "sha256:f4ebe71925af7b40a864553f761ed559b43544f8f71746c2d756c7fe788ade7c"
            ],
            "version": "==0.1.7"
        },
        "wsproto": {
            "hashes": [
                "sha256:1fcb726d448f1b9bcbea884e26621af5ddd01d2d502941a024f4c727828b6009",
                "sha256:6a51cf18d9de612892b9c1d38a8c1bdadec0cfe15de61cd5c0f09174bf0c7e82"
            ],
            "version": "==0.12.0"
        }
    },
    "develop": {}
}
